
Microsoft Visual Studio Solution File, Format Version 12.00
# Visual Studio 15
VisualStudioVersion = 15.0.27130.2020
MinimumVisualStudioVersion = 10.0.40219.1
Project("{9A19103F-16F7-4668-BE54-9A1E7A4F7556}") = "Web", "Web\Web.csproj", "{FB427585-C3B0-4903-B3D8-56516181F7E0}"
	ProjectSection(ProjectDependencies) = postProject
		{073BF82F-37DE-4832-9BA1-EAA008FA1784} = {073BF82F-37DE-4832-9BA1-EAA008FA1784}
		{DC1B8068-E690-4CCA-948B-2A224440353E} = {DC1B8068-E690-4CCA-948B-2A224440353E}
		{63D68F80-7290-4E6F-80A0-EC1624A42813} = {63D68F80-7290-4E6F-80A0-EC1624A42813}
		{F7D137DE-17ED-4452-8E1C-2479A12914C4} = {F7D137DE-17ED-4452-8E1C-2479A12914C4}
	EndProjectSection
EndProject
Project("{9A19103F-16F7-4668-BE54-9A1E7A4F7556}") = "DataAccess", "DataAccess\DataAccess.csproj", "{073BF82F-37DE-4832-9BA1-EAA008FA1784}"
	ProjectSection(ProjectDependencies) = postProject
		{F7D137DE-17ED-4452-8E1C-2479A12914C4} = {F7D137DE-17ED-4452-8E1C-2479A12914C4}
	EndProjectSection
EndProject
Project("{9A19103F-16F7-4668-BE54-9A1E7A4F7556}") = "EntityFramework", "EntityFramework\EntityFramework.csproj", "{F7D137DE-17ED-4452-8E1C-2479A12914C4}"
EndProject
Project("{9A19103F-16F7-4668-BE54-9A1E7A4F7556}") = "DomainModel", "DomainModel\DomainModel.csproj", "{DC1B8068-E690-4CCA-948B-2A224440353E}"
EndProject
Project("{9A19103F-16F7-4668-BE54-9A1E7A4F7556}") = "BusinessLogic", "BusinessLogic\BusinessLogic.csproj", "{63D68F80-7290-4E6F-80A0-EC1624A42813}"
	ProjectSection(ProjectDependencies) = postProject
		{073BF82F-37DE-4832-9BA1-EAA008FA1784} = {073BF82F-37DE-4832-9BA1-EAA008FA1784}
		{F7D137DE-17ED-4452-8E1C-2479A12914C4} = {F7D137DE-17ED-4452-8E1C-2479A12914C4}
	EndProjectSection
EndProject
Global
	GlobalSection(SolutionConfigurationPlatforms) = preSolution
		Debug|Any CPU = Debug|Any CPU
		Release|Any CPU = Release|Any CPU
	EndGlobalSection
	GlobalSection(ProjectConfigurationPlatforms) = postSolution
		{FB427585-C3B0-4903-B3D8-56516181F7E0}.Debug|Any CPU.ActiveCfg = Debug|Any CPU
		{FB427585-C3B0-4903-B3D8-56516181F7E0}.Debug|Any CPU.Build.0 = Debug|Any CPU
		{FB427585-C3B0-4903-B3D8-56516181F7E0}.Release|Any CPU.ActiveCfg = Release|Any CPU
		{FB427585-C3B0-4903-B3D8-56516181F7E0}.Release|Any CPU.Build.0 = Release|Any CPU
		{073BF82F-37DE-4832-9BA1-EAA008FA1784}.Debug|Any CPU.ActiveCfg = Debug|Any CPU
		{073BF82F-37DE-4832-9BA1-EAA008FA1784}.Debug|Any CPU.Build.0 = Debug|Any CPU
		{073BF82F-37DE-4832-9BA1-EAA008FA1784}.Release|Any CPU.ActiveCfg = Release|Any CPU
		{073BF82F-37DE-4832-9BA1-EAA008FA1784}.Release|Any CPU.Build.0 = Release|Any CPU
		{F7D137DE-17ED-4452-8E1C-2479A12914C4}.Debug|Any CPU.ActiveCfg = Debug|Any CPU
		{F7D137DE-17ED-4452-8E1C-2479A12914C4}.Debug|Any CPU.Build.0 = Debug|Any CPU
		{F7D137DE-17ED-4452-8E1C-2479A12914C4}.Release|Any CPU.ActiveCfg = Release|Any CPU
		{F7D137DE-17ED-4452-8E1C-2479A12914C4}.Release|Any CPU.Build.0 = Release|Any CPU
		{DC1B8068-E690-4CCA-948B-2A224440353E}.Debug|Any CPU.ActiveCfg = Debug|Any CPU
		{DC1B8068-E690-4CCA-948B-2A224440353E}.Debug|Any CPU.Build.0 = Debug|Any CPU
		{DC1B8068-E690-4CCA-948B-2A224440353E}.Release|Any CPU.ActiveCfg = Release|Any CPU
		{DC1B8068-E690-4CCA-948B-2A224440353E}.Release|Any CPU.Build.0 = Release|Any CPU
		{63D68F80-7290-4E6F-80A0-EC1624A42813}.Debug|Any CPU.ActiveCfg = Debug|Any CPU
		{63D68F80-7290-4E6F-80A0-EC1624A42813}.Debug|Any CPU.Build.0 = Debug|Any CPU
		{63D68F80-7290-4E6F-80A0-EC1624A42813}.Release|Any CPU.ActiveCfg = Release|Any CPU
		{63D68F80-7290-4E6F-80A0-EC1624A42813}.Release|Any CPU.Build.0 = Release|Any CPU
	EndGlobalSection
	GlobalSection(SolutionProperties) = preSolution
		HideSolutionNode = FALSE
	EndGlobalSection
	GlobalSection(ExtensibilityGlobals) = postSolution
		SolutionGuid = {9130DAC1-72CE-41EF-9EE7-EF03712ABF7E}
	EndGlobalSection
EndGlobal
